
Microsoft Visual Studio Solution File, Format Version 12.00
# Visual Studio Version 16
VisualStudioVersion = 16.0.30711.63
MinimumVisualStudioVersion = 10.0.40219.1
Project("{9A19103F-16F7-4668-BE54-9A1E7A4F7556}") = "MenuDemoV3", "..\MenuDemoV3\MenuDemoV3.csproj", "{ECDA5E1A-3E66-4710-982E-728B36FC0B58}"
EndProject
Project("{9A19103F-16F7-4668-BE54-9A1E7A4F7556}") = "MenuDemoV3ClassLibrary", "..\MenuDemoV3ClassLibrary\MenuDemoV3ClassLibrary.csproj", "{EFF8FE23-03E1-473E-A19C-0258CC7EC970}"
EndProject
Project("{00D1A9C2-B5F0-4AF3-8072-F6C62B433612}") = "MenuDemoV3DBProject", "..\MenuDemoV3DBProject\MenuDemoV3DBProject.sqlproj", "{064C5F81-5259-4449-A463-F20A756D31EA}"
EndProject
Global
	GlobalSection(SolutionConfigurationPlatforms) = preSolution
		Debug|Any CPU = Debug|Any CPU
		Release|Any CPU = Release|Any CPU
	EndGlobalSection
	GlobalSection(ProjectConfigurationPlatforms) = postSolution
		{ECDA5E1A-3E66-4710-982E-728B36FC0B58}.Debug|Any CPU.ActiveCfg = Debug|Any CPU
		{ECDA5E1A-3E66-4710-982E-728B36FC0B58}.Debug|Any CPU.Build.0 = Debug|Any CPU
		{ECDA5E1A-3E66-4710-982E-728B36FC0B58}.Release|Any CPU.ActiveCfg = Release|Any CPU
		{ECDA5E1A-3E66-4710-982E-728B36FC0B58}.Release|Any CPU.Build.0 = Release|Any CPU
		{EFF8FE23-03E1-473E-A19C-0258CC7EC970}.Debug|Any CPU.ActiveCfg = Debug|Any CPU
		{EFF8FE23-03E1-473E-A19C-0258CC7EC970}.Debug|Any CPU.Build.0 = Debug|Any CPU
		{EFF8FE23-03E1-473E-A19C-0258CC7EC970}.Release|Any CPU.ActiveCfg = Release|Any CPU
		{EFF8FE23-03E1-473E-A19C-0258CC7EC970}.Release|Any CPU.Build.0 = Release|Any CPU
		{064C5F81-5259-4449-A463-F20A756D31EA}.Debug|Any CPU.ActiveCfg = Debug|Any CPU
		{064C5F81-5259-4449-A463-F20A756D31EA}.Debug|Any CPU.Build.0 = Debug|Any CPU
		{064C5F81-5259-4449-A463-F20A756D31EA}.Debug|Any CPU.Deploy.0 = Debug|Any CPU
		{064C5F81-5259-4449-A463-F20A756D31EA}.Release|Any CPU.ActiveCfg = Release|Any CPU
		{064C5F81-5259-4449-A463-F20A756D31EA}.Release|Any CPU.Build.0 = Release|Any CPU
		{064C5F81-5259-4449-A463-F20A756D31EA}.Release|Any CPU.Deploy.0 = Release|Any CPU
	EndGlobalSection
	GlobalSection(SolutionProperties) = preSolution
		HideSolutionNode = FALSE
	EndGlobalSection
	GlobalSection(ExtensibilityGlobals) = postSolution
		SolutionGuid = {7D66DB7C-24EE-4BB2-A335-7654FBF8B39A}
	EndGlobalSection
EndGlobal
